// !$*UTF8*$!
{
	archiveVersion = 1;
	classes = {
	};
	objectVersion = 46;
	objects = {

/* Begin PBXBuildFile section */
		7B95C5B21F66E726004D65D3 /* ListController.swift in Sources */ = {isa = PBXBuildFile; fileRef = 7B95C5B11F66E726004D65D3 /* ListController.swift */; };
		7B95C5B41F66E817004D65D3 /* AddTaskVC.swift in Sources */ = {isa = PBXBuildFile; fileRef = 7B95C5B31F66E817004D65D3 /* AddTaskVC.swift */; };
		7BAD77BC1F631D0A00BB640F /* 2Do.xcdatamodeld in Sources */ = {isa = PBXBuildFile; fileRef = 7BAD77BA1F631D0A00BB640F /* 2Do.xcdatamodeld */; };
		7BDF85951F60646400C07124 /* AppDelegate.swift in Sources */ = {isa = PBXBuildFile; fileRef = 7BDF85941F60646400C07124 /* AppDelegate.swift */; };
		7BDF859A1F60646400C07124 /* Main.storyboard in Resources */ = {isa = PBXBuildFile; fileRef = 7BDF85981F60646400C07124 /* Main.storyboard */; };
		7BDF859C1F60646400C07124 /* Assets.xcassets in Resources */ = {isa = PBXBuildFile; fileRef = 7BDF859B1F60646400C07124 /* Assets.xcassets */; };
		7BDF859F1F60646400C07124 /* LaunchScreen.storyboard in Resources */ = {isa = PBXBuildFile; fileRef = 7BDF859D1F60646400C07124 /* LaunchScreen.storyboard */; };
		7BDF85A71F6064FE00C07124 /* CoreDataStack.swift in Sources */ = {isa = PBXBuildFile; fileRef = 7BDF85A61F6064FE00C07124 /* CoreDataStack.swift */; };
/* End PBXBuildFile section */

/* Begin PBXFileReference section */
		7B95C5B11F66E726004D65D3 /* ListController.swift */ = {isa = PBXFileReference; fileEncoding = 4; lastKnownFileType = sourcecode.swift; path = ListController.swift; sourceTree = "<group>"; };
		7B95C5B31F66E817004D65D3 /* AddTaskVC.swift */ = {isa = PBXFileReference; fileEncoding = 4; lastKnownFileType = sourcecode.swift; path = AddTaskVC.swift; sourceTree = "<group>"; };
		7BAD77BB1F631D0A00BB640F /* 2Do.xcdatamodel */ = {isa = PBXFileReference; lastKnownFileType = wrapper.xcdatamodel; path = 2Do.xcdatamodel; sourceTree = "<group>"; };
		7BDF85911F60646400C07124 /* 2Do.app */ = {isa = PBXFileReference; explicitFileType = wrapper.application; includeInIndex = 0; path = 2Do.app; sourceTree = BUILT_PRODUCTS_DIR; };
		7BDF85941F60646400C07124 /* AppDelegate.swift */ = {isa = PBXFileReference; lastKnownFileType = sourcecode.swift; path = AppDelegate.swift; sourceTree = "<group>"; };
		7BDF85991F60646400C07124 /* Base */ = {isa = PBXFileReference; lastKnownFileType = file.storyboard; name = Base; path = Base.lproj/Main.storyboard; sourceTree = "<group>"; };
		7BDF859B1F60646400C07124 /* Assets.xcassets */ = {isa = PBXFileReference; lastKnownFileType = folder.assetcatalog; path = Assets.xcassets; sourceTree = "<group>"; };
		7BDF859E1F60646400C07124 /* Base */ = {isa = PBXFileReference; lastKnownFileType = file.storyboard; name = Base; path = Base.lproj/LaunchScreen.storyboard; sourceTree = "<group>"; };
		7BDF85A01F60646400C07124 /* Info.plist */ = {isa = PBXFileReference; lastKnownFileType = text.plist.xml; path = Info.plist; sourceTree = "<group>"; };
		7BDF85A61F6064FE00C07124 /* CoreDataStack.swift */ = {isa = PBXFileReference; fileEncoding = 4; lastKnownFileType = sourcecode.swift; path = CoreDataStack.swift; sourceTree = "<group>"; };
/* End PBXFileReference section */

/* Begin PBXFrameworksBuildPhase section */
		7BDF858E1F60646400C07124 /* Frameworks */ = {
			isa = PBXFrameworksBuildPhase;
			buildActionMask = 2147483647;
			files = (
			);
			runOnlyForDeploymentPostprocessing = 0;
		};
/* End PBXFrameworksBuildPhase section */

/* Begin PBXGroup section */
		7BDF85881F60646400C07124 = {
			isa = PBXGroup;
			children = (
				7BDF85931F60646400C07124 /* 2Do */,
				7BDF85921F60646400C07124 /* Products */,
			);
			sourceTree = "<group>";
		};
		7BDF85921F60646400C07124 /* Products */ = {
			isa = PBXGroup;
			children = (
				7BDF85911F60646400C07124 /* 2Do.app */,
			);
			name = Products;
			sourceTree = "<group>";
		};
		7BDF85931F60646400C07124 /* 2Do */ = {
			isa = PBXGroup;
			children = (
				7BDF85AB1F60653E00C07124 /* Resources */,
				7BDF85AA1F60651C00C07124 /* Model */,
				7BDF85A91F60651600C07124 /* View */,
				7BDF85A81F60650C00C07124 /* Controller */,
				7BDF85941F60646400C07124 /* AppDelegate.swift */,
				7BDF85A01F60646400C07124 /* Info.plist */,
			);
			path = 2Do;
			sourceTree = "<group>";
		};
		7BDF85A81F60650C00C07124 /* Controller */ = {
			isa = PBXGroup;
			children = (
				7B95C5B11F66E726004D65D3 /* ListController.swift */,
				7B95C5B31F66E817004D65D3 /* AddTaskVC.swift */,
			);
			name = Controller;
			sourceTree = "<group>";
		};
		7BDF85A91F60651600C07124 /* View */ = {
			isa = PBXGroup;
			children = (
				7BDF859D1F60646400C07124 /* LaunchScreen.storyboard */,
				7BDF85981F60646400C07124 /* Main.storyboard */,
			);
			name = View;
			sourceTree = "<group>";
		};
		7BDF85AA1F60651C00C07124 /* Model */ = {
			isa = PBXGroup;
			children = (
				7BDF85A61F6064FE00C07124 /* CoreDataStack.swift */,
				7BAD77BA1F631D0A00BB640F /* 2Do.xcdatamodeld */,
			);
			name = Model;
			sourceTree = "<group>";
		};
		7BDF85AB1F60653E00C07124 /* Resources */ = {
			isa = PBXGroup;
			children = (
				7BDF859B1F60646400C07124 /* Assets.xcassets */,
			);
			name = Resources;
			sourceTree = "<group>";
		};
/* End PBXGroup section */

/* Begin PBXNativeTarget section */
		7BDF85901F60646400C07124 /* 2Do */ = {
			isa = PBXNativeTarget;
			buildConfigurationList = 7BDF85A31F60646400C07124 /* Build configuration list for PBXNativeTarget "2Do" */;
			buildPhases = (
				7BDF858D1F60646400C07124 /* Sources */,
				7BDF858E1F60646400C07124 /* Frameworks */,
				7BDF858F1F60646400C07124 /* Resources */,
			);
			buildRules = (
			);
			dependencies = (
			);
			name = 2Do;
			productName = 2Do;
			productReference = 7BDF85911F60646400C07124 /* 2Do.app */;
			productType = "com.apple.product-type.application";
		};
/* End PBXNativeTarget section */

/* Begin PBXProject section */
		7BDF85891F60646400C07124 /* Project object */ = {
			isa = PBXProject;
			attributes = {
				LastSwiftUpdateCheck = 0830;
				LastUpgradeCheck = 0830;
				ORGANIZATIONNAME = "Dan Lindsay";
				TargetAttributes = {
					7BDF85901F60646400C07124 = {
						CreatedOnToolsVersion = 8.3.3;
						DevelopmentTeam = 999T2QHS45;
						ProvisioningStyle = Automatic;
					};
				};
			};
			buildConfigurationList = 7BDF858C1F60646400C07124 /* Build configuration list for PBXProject "2Do" */;
			compatibilityVersion = "Xcode 3.2";
			developmentRegion = English;
			hasScannedForEncodings = 0;
			knownRegions = (
				en,
				Base,
			);
			mainGroup = 7BDF85881F60646400C07124;
			productRefGroup = 7BDF85921F60646400C07124 /* Products */;
			projectDirPath = "";
			projectRoot = "";
			targets = (
				7BDF85901F60646400C07124 /* 2Do */,
			);
		};
/* End PBXProject section */

/* Begin PBXResourcesBuildPhase section */
		7BDF858F1F60646400C07124 /* Resources */ = {
			isa = PBXResourcesBuildPhase;
			buildActionMask = 2147483647;
			files = (
				7BDF859F1F60646400C07124 /* LaunchScreen.storyboard in Resources */,
				7BDF859C1F60646400C07124 /* Assets.xcassets in Resources */,
				7BDF859A1F60646400C07124 /* Main.storyboard in Resources */,
			);
			runOnlyForDeploymentPostprocessing = 0;
		};
/* End PBXResourcesBuildPhase section */

/* Begin PBXSourcesBuildPhase section */
		7BDF858D1F60646400C07124 /* Sources */ = {
			isa = PBXSourcesBuildPhase;
			buildActionMask = 2147483647;
			files = (
				7BDF85A71F6064FE00C07124 /* CoreDataStack.swift in Sources */,
				7B95C5B21F66E726004D65D3 /* ListController.swift in Sources */,
				7B95C5B41F66E817004D65D3 /* AddTaskVC.swift in Sources */,
				7BAD77BC1F631D0A00BB640F /* 2Do.xcdatamodeld in Sources */,
				7BDF85951F60646400C07124 /* AppDelegate.swift in Sources */,
			);
			runOnlyForDeploymentPostprocessing = 0;
		};
/* End PBXSourcesBuildPhase section */

/* Begin PBXVariantGroup section */
		7BDF85981F60646400C07124 /* Main.storyboard */ = {
			isa = PBXVariantGroup;
			children = (
				7BDF85991F60646400C07124 /* Base */,
			);
			name = Main.storyboard;
			sourceTree = "<group>";
		};
		7BDF859D1F60646400C07124 /* LaunchScreen.storyboard */ = {
			isa = PBXVariantGroup;
			children = (
				7BDF859E1F60646400C07124 /* Base */,
			);
			name = LaunchScreen.storyboard;
			sourceTree = "<group>";
		};
/* End PBXVariantGroup section */

/* Begin XCBuildConfiguration section */
		7BDF85A11F60646400C07124 /* Debug */ = {
			isa = XCBuildConfiguration;
			buildSettings = {
				ALWAYS_SEARCH_USER_PATHS = NO;
				CLANG_ANALYZER_NONNULL = YES;
				CLANG_ANALYZER_NUMBER_OBJECT_CONVERSION = YES_AGGRESSIVE;
				CLANG_CXX_LANGUAGE_STANDARD = "gnu++0x";
				CLANG_CXX_LIBRARY = "libc++";
				CLANG_ENABLE_MODULES = YES;
				CLANG_ENABLE_OBJC_ARC = YES;
				CLANG_WARN_BOOL_CONVERSION = YES;
				CLANG_WARN_CONSTANT_CONVERSION = YES;
				CLANG_WARN_DIRECT_OBJC_ISA_USAGE = YES_ERROR;
				CLANG_WARN_DOCUMENTATION_COMMENTS = YES;
				CLANG_WARN_EMPTY_BODY = YES;
				CLANG_WARN_ENUM_CONVERSION = YES;
				CLANG_WARN_INFINITE_RECURSION = YES;
				CLANG_WARN_INT_CONVERSION = YES;
				CLANG_WARN_OBJC_ROOT_CLASS = YES_ERROR;
				CLANG_WARN_SUSPICIOUS_MOVE = YES;
				CLANG_WARN_UNREACHABLE_CODE = YES;
				CLANG_WARN__DUPLICATE_METHOD_MATCH = YES;
				"CODE_SIGN_IDENTITY[sdk=iphoneos*]" = "iPhone Developer";
				COPY_PHASE_STRIP = NO;
				DEBUG_INFORMATION_FORMAT = dwarf;
				ENABLE_STRICT_OBJC_MSGSEND = YES;
				ENABLE_TESTABILITY = YES;
				GCC_C_LANGUAGE_STANDARD = gnu99;
				GCC_DYNAMIC_NO_PIC = NO;
				GCC_NO_COMMON_BLOCKS = YES;
				GCC_OPTIMIZATION_LEVEL = 0;
				GCC_PREPROCESSOR_DEFINITIONS = (
					"DEBUG=1",
					"$(inherited)",
				);
				GCC_WARN_64_TO_32_BIT_CONVERSION = YES;
				GCC_WARN_ABOUT_RETURN_TYPE = YES_ERROR;
				GCC_WARN_UNDECLARED_SELECTOR = YES;
				GCC_WARN_UNINITIALIZED_AUTOS = YES_AGGRESSIVE;
				GCC_WARN_UNUSED_FUNCTION = YES;
				GCC_WARN_UNUSED_VARIABLE = YES;
				IPHONEOS_DEPLOYMENT_TARGET = 10.3;
				MTL_ENABLE_DEBUG_INFO = YES;
				ONLY_ACTIVE_ARCH = YES;
				SDKROOT = iphoneos;
				SWIFT_ACTIVE_COMPILATION_CONDITIONS = DEBUG;
				SWIFT_OPTIMIZATION_LEVEL = "-Onone";
				TARGETED_DEVICE_FAMILY = "1,2";
			};
			name = Debug;
		};
		7BDF85A21F60646400C07124 /* Release */ = {
			isa = XCBuildConfiguration;
			buildSettings = {
				ALWAYS_SEARCH_USER_PATHS = NO;
				CLANG_ANALYZER_NONNULL = YES;
				CLANG_ANALYZER_NUMBER_OBJECT_CONVERSION = YES_AGGRESSIVE;
				CLANG_CXX_LANGUAGE_STANDARD = "gnu++0x";
				CLANG_CXX_LIBRARY = "libc++";
				CLANG_ENABLE_MODULES = YES;
				CLANG_ENABLE_OBJC_ARC = YES;
				CLANG_WARN_BOOL_CONVERSION = YES;
				CLANG_WARN_CONSTANT_CONVERSION = YES;
				CLANG_WARN_DIRECT_OBJC_ISA_USAGE = YES_ERROR;
				CLANG_WARN_DOCUMENTATION_COMMENTS = YES;
				CLANG_WARN_EMPTY_BODY = YES;
				CLANG_WARN_ENUM_CONVERSION = YES;
				CLANG_WARN_INFINITE_RECURSION = YES;
				CLANG_WARN_INT_CONVERSION = YES;
				CLANG_WARN_OBJC_ROOT_CLASS = YES_ERROR;
				CLANG_WARN_SUSPICIOUS_MOVE = YES;
				CLANG_WARN_UNREACHABLE_CODE = YES;
				CLANG_WARN__DUPLICATE_METHOD_MATCH = YES;
				"CODE_SIGN_IDENTITY[sdk=iphoneos*]" = "iPhone Developer";
				COPY_PHASE_STRIP = NO;
				DEBUG_INFORMATION_FORMAT = "dwarf-with-dsym";
				ENABLE_NS_ASSERTIONS = NO;
				ENABLE_STRICT_OBJC_MSGSEND = YES;
				GCC_C_LANGUAGE_STANDARD = gnu99;
				GCC_NO_COMMON_BLOCKS = YES;
				GCC_WARN_64_TO_32_BIT_CONVERSION = YES;
				GCC_WARN_ABOUT_RETURN_TYPE = YES_ERROR;
				GCC_WARN_UNDECLARED_SELECTOR = YES;
				GCC_WARN_UNINITIALIZED_AUTOS = YES_AGGRESSIVE;
				GCC_WARN_UNUSED_FUNCTION = YES;
				GCC_WARN_UNUSED_VARIABLE = YES;
				IPHONEOS_DEPLOYMENT_TARGET = 10.3;
				MTL_ENABLE_DEBUG_INFO = NO;
				SDKROOT = iphoneos;
				SWIFT_OPTIMIZATION_LEVEL = "-Owholemodule";
				TARGETED_DEVICE_FAMILY = "1,2";
				VALIDATE_PRODUCT = YES;
			};
			name = Release;
		};
		7BDF85A41F60646400C07124 /* Debug */ = {
			isa = XCBuildConfiguration;
			buildSettings = {
				ASSETCATALOG_COMPILER_APPICON_NAME = AppIcon;
				DEVELOPMENT_TEAM = 999T2QHS45;
				INFOPLIST_FILE = 2Do/Info.plist;
				LD_RUNPATH_SEARCH_PATHS = "$(inherited) @executable_path/Frameworks";
				PRODUCT_BUNDLE_IDENTIFIER = "com.dreamerongo.-Do";
				PRODUCT_NAME = "$(TARGET_NAME)";
				SWIFT_VERSION = 3.0;
			};
			name = Debug;
		};
		7BDF85A51F60646400C07124 /* Release */ = {
			isa = XCBuildConfiguration;
			buildSettings = {
				ASSETCATALOG_COMPILER_APPICON_NAME = AppIcon;
				DEVELOPMENT_TEAM = 999T2QHS45;
				INFOPLIST_FILE = 2Do/Info.plist;
				LD_RUNPATH_SEARCH_PATHS = "$(inherited) @executable_path/Frameworks";
				PRODUCT_BUNDLE_IDENTIFIER = "com.dreamerongo.-Do";
				PRODUCT_NAME = "$(TARGET_NAME)";
				SWIFT_VERSION = 3.0;
			};
			name = Release;
		};
/* End XCBuildConfiguration section */

/* Begin XCConfigurationList section */
		7BDF858C1F60646400C07124 /* Build configuration list for PBXProject "2Do" */ = {
			isa = XCConfigurationList;
			buildConfigurations = (
				7BDF85A11F60646400C07124 /* Debug */,
				7BDF85A21F60646400C07124 /* Release */,
			);
			defaultConfigurationIsVisible = 0;
			defaultConfigurationName = Release;
		};
		7BDF85A31F60646400C07124 /* Build configuration list for PBXNativeTarget "2Do" */ = {
			isa = XCConfigurationList;
			buildConfigurations = (
				7BDF85A41F60646400C07124 /* Debug */,
				7BDF85A51F60646400C07124 /* Release */,
			);
			defaultConfigurationIsVisible = 0;
			defaultConfigurationName = Release;
		};
/* End XCConfigurationList section */

/* Begin XCVersionGroup section */
		7BAD77BA1F631D0A00BB640F /* 2Do.xcdatamodeld */ = {
			isa = XCVersionGroup;
			children = (
				7BAD77BB1F631D0A00BB640F /* 2Do.xcdatamodel */,
			);
			currentVersion = 7BAD77BB1F631D0A00BB640F /* 2Do.xcdatamodel */;
			path = 2Do.xcdatamodeld;
			sourceTree = "<group>";
			versionGroupType = wrapper.xcdatamodel;
		};
/* End XCVersionGroup section */
	};
	rootObject = 7BDF85891F60646400C07124 /* Project object */;
}
